{
    "_readme": [
        "This file locks the dependencies of your project to a known state",
        "Read more about it at https://getcomposer.org/doc/01-basic-usage.md#installing-dependencies",
        "This file is @generated automatically"
    ],
    "content-hash": "6bb84457b33e6f01a64c2da4ce5050e0",
    "packages": [
        {
            "name": "respect/stringifier",
            "version": "0.2.0",
            "source": {
                "type": "git",
                "url": "https://github.com/Respect/Stringifier.git",
                "reference": "e55af3c8aeaeaa2abb5fa47a58a8e9688cc23b59"
            },
            "dist": {
                "type": "zip",
                "url": "https://api.github.com/repos/Respect/Stringifier/zipball/e55af3c8aeaeaa2abb5fa47a58a8e9688cc23b59",
                "reference": "e55af3c8aeaeaa2abb5fa47a58a8e9688cc23b59",
                "shasum": ""
            },
            "require": {
                "php": ">=7.1"
            },
            "require-dev": {
                "friendsofphp/php-cs-fixer": "^2.8",
                "malukenho/docheader": "^0.1.7",
                "phpunit/phpunit": "^6.4"
            },
            "type": "library",
            "autoload": {
                "psr-4": {
                    "Respect\\Stringifier\\": "src/"
                },
                "files": [
                    "src/stringify.php"
                ]
            },
            "notification-url": "https://packagist.org/downloads/",
            "license": [
                "MIT"
            ],
            "authors": [
                {
                    "name": "Respect/Stringifier Contributors",
                    "homepage": "https://github.com/Respect/Stringifier/graphs/contributors"
                }
            ],
            "description": "Converts any value to a string",
            "homepage": "http://respect.github.io/Stringifier/",
            "keywords": [
                "respect",
                "stringifier",
                "stringify"
            ],
            "support": {
                "issues": "https://github.com/Respect/Stringifier/issues",
                "source": "https://github.com/Respect/Stringifier/tree/0.2.0"
            },
            "time": "2017-12-29T19:39:25+00:00"
        },
        {
            "name": "respect/validation",
            "version": "2.2.1",
            "source": {
                "type": "git",
                "url": "https://github.com/Respect/Validation.git",
                "reference": "51ad23e24c83f222468174861de61fc8bcde9bfb"
            },
            "dist": {
                "type": "zip",
                "url": "https://api.github.com/repos/Respect/Validation/zipball/51ad23e24c83f222468174861de61fc8bcde9bfb",
                "reference": "51ad23e24c83f222468174861de61fc8bcde9bfb",
                "shasum": ""
            },
            "require": {
                "php": "^7.3 || ^8.0",
                "respect/stringifier": "^0.2.0",
                "sokil/php-isocodes": "^3.3",
                "symfony/polyfill-mbstring": "^1.2"
            },
            "require-dev": {
                "egulias/email-validator": "^3.0",
                "malukenho/docheader": "^0.1",
                "mikey179/vfsstream": "^1.6",
                "phpstan/phpstan": "^0.12",
                "phpstan/phpstan-deprecation-rules": "^0.12",
                "phpstan/phpstan-phpunit": "^0.12",
                "phpunit/phpunit": "^9.3",
                "psr/http-message": "^1.0",
                "respect/coding-standard": "^3.0",
                "squizlabs/php_codesniffer": "^3.5",
                "symfony/validator": "^3.0||^4.0",
                "zendframework/zend-validator": "^2.1"
            },
            "suggest": {
                "egulias/email-validator": "Strict (RFC compliant) email validation",
                "ext-bcmath": "Arbitrary Precision Mathematics",
                "ext-fileinfo": "File Information",
                "ext-mbstring": "Multibyte String Functions",
                "sokil/php-isocodes": "To enable ISO codes validations",
                "symfony/validator": "Use Symfony validator through Respect\\Validation",
                "zendframework/zend-validator": "Use Zend Framework validator through Respect\\Validation"
            },
            "type": "library",
            "autoload": {
                "psr-4": {
                    "Respect\\Validation\\": "library/"
                }
            },
            "notification-url": "https://packagist.org/downloads/",
            "license": [
                "MIT"
            ],
            "authors": [
                {
                    "name": "Respect/Validation Contributors",
                    "homepage": "https://github.com/Respect/Validation/graphs/contributors"
                }
            ],
            "description": "The most awesome validation engine ever created for PHP",
            "homepage": "http://respect.github.io/Validation/",
            "keywords": [
                "respect",
                "validation",
                "validator"
            ],
            "support": {
                "issues": "https://github.com/Respect/Validation/issues",
                "source": "https://github.com/Respect/Validation/tree/2.2.1"
            },
            "time": "2021-02-06T16:42:11+00:00"
        },
        {
            "name": "sokil/php-isocodes",
            "version": "3.3.3",
            "source": {
                "type": "git",
                "url": "https://github.com/sokil/php-isocodes.git",
                "reference": "d05d170a554f61ba793e31a78d2b4b3aaa80907f"
            },
            "dist": {
                "type": "zip",
                "url": "https://api.github.com/repos/sokil/php-isocodes/zipball/d05d170a554f61ba793e31a78d2b4b3aaa80907f",
                "reference": "d05d170a554f61ba793e31a78d2b4b3aaa80907f",
                "shasum": ""
            },
            "require": {
                "ext-json": "*",
                "php": ">=7.1"
            },
            "require-dev": {
                "ext-gettext": "*",
                "php-coveralls/php-coveralls": "^2.1",
                "phpmd/phpmd": "@stable",
                "phpunit/phpunit": ">=7.5.20",
                "squizlabs/php_codesniffer": "^3.4",
                "symfony/translation": "^4.4.17|^5.2",
                "vimeo/psalm": "^4.3"
            },
            "suggest": {
                "ext-gettext": "Required for gettext translation driver",
                "phpbench/phpbench": "Required to run benchmarks",
                "symfony/translation": "Translation driver by Symfont project"
            },
            "type": "library",
            "autoload": {
                "psr-4": {
                    "Sokil\\IsoCodes\\": [
                        "src/"
                    ]
                }
            },
            "notification-url": "https://packagist.org/downloads/",
            "license": [
                "MIT"
            ],
            "authors": [
                {
                    "name": "Dmytro Sokil",
                    "email": "dmytro.sokil@gmail.com"
                }
            ],
            "description": "ISO country, subdivision, language, currency and script definitions and their translations. Based on pythons pycountry and Debian's iso-codes.",
            "support": {
                "issues": "https://github.com/sokil/php-isocodes/issues",
                "source": "https://github.com/sokil/php-isocodes/tree/3.3.3"
            },
            "time": "2021-02-02T06:42:33+00:00"
        },
        {
            "name": "symfony/polyfill-ctype",
            "version": "v1.22.0",
            "source": {
                "type": "git",
                "url": "https://github.com/symfony/polyfill-ctype.git",
                "reference": "c6c942b1ac76c82448322025e084cadc56048b4e"
            },
            "dist": {
                "type": "zip",
                "url": "https://api.github.com/repos/symfony/polyfill-ctype/zipball/c6c942b1ac76c82448322025e084cadc56048b4e",
                "reference": "c6c942b1ac76c82448322025e084cadc56048b4e",
                "shasum": ""
            },
            "require": {
                "php": ">=7.1"
            },
            "suggest": {
                "ext-ctype": "For best performance"
            },
            "type": "library",
            "extra": {
                "branch-alias": {
                    "dev-main": "1.22-dev"
                },
                "thanks": {
                    "name": "symfony/polyfill",
                    "url": "https://github.com/symfony/polyfill"
                }
            },
            "autoload": {
                "psr-4": {
                    "Symfony\\Polyfill\\Ctype\\": ""
                },
                "files": [
                    "bootstrap.php"
                ]
            },
            "notification-url": "https://packagist.org/downloads/",
            "license": [
                "MIT"
            ],
            "authors": [
                {
                    "name": "Gert de Pagter",
                    "email": "BackEndTea@gmail.com"
                },
                {
                    "name": "Symfony Community",
                    "homepage": "https://symfony.com/contributors"
                }
            ],
            "description": "Symfony polyfill for ctype functions",
            "homepage": "https://symfony.com",
            "keywords": [
                "compatibility",
                "ctype",
                "polyfill",
                "portable"
            ],
            "support": {
                "source": "https://github.com/symfony/polyfill-ctype/tree/v1.22.0"
            },
            "funding": [
                {
                    "url": "https://symfony.com/sponsor",
                    "type": "custom"
                },
                {
                    "url": "https://github.com/fabpot",
                    "type": "github"
                },
                {
                    "url": "https://tidelift.com/funding/github/packagist/symfony/symfony",
                    "type": "tidelift"
                }
            ],
            "time": "2021-01-07T16:49:33+00:00"
        },
        {
            "name": "symfony/polyfill-mbstring",
            "version": "v1.22.0",
            "source": {
                "type": "git",
                "url": "https://github.com/symfony/polyfill-mbstring.git",
                "reference": "f377a3dd1fde44d37b9831d68dc8dea3ffd28e13"
            },
            "dist": {
                "type": "zip",
                "url": "https://api.github.com/repos/symfony/polyfill-mbstring/zipball/f377a3dd1fde44d37b9831d68dc8dea3ffd28e13",
                "reference": "f377a3dd1fde44d37b9831d68dc8dea3ffd28e13",
                "shasum": ""
            },
            "require": {
                "php": ">=7.1"
            },
            "suggest": {
                "ext-mbstring": "For best performance"
            },
            "type": "library",
            "extra": {
                "branch-alias": {
                    "dev-main": "1.22-dev"
                },
                "thanks": {
                    "name": "symfony/polyfill",
                    "url": "https://github.com/symfony/polyfill"
                }
            },
            "autoload": {
                "psr-4": {
                    "Symfony\\Polyfill\\Mbstring\\": ""
                },
                "files": [
                    "bootstrap.php"
                ]
            },
            "notification-url": "https://packagist.org/downloads/",
            "license": [
                "MIT"
            ],
            "authors": [
                {
                    "name": "Nicolas Grekas",
                    "email": "p@tchwork.com"
                },
                {
                    "name": "Symfony Community",
                    "homepage": "https://symfony.com/contributors"
                }
            ],
            "description": "Symfony polyfill for the Mbstring extension",
            "homepage": "https://symfony.com",
            "keywords": [
                "compatibility",
                "mbstring",
                "polyfill",
                "portable",
                "shim"
            ],
            "support": {
                "source": "https://github.com/symfony/polyfill-mbstring/tree/v1.22.0"
            },
            "funding": [
                {
                    "url": "https://symfony.com/sponsor",
                    "type": "custom"
                },
                {
                    "url": "https://github.com/fabpot",
                    "type": "github"
                },
                {
                    "url": "https://tidelift.com/funding/github/packagist/symfony/symfony",
                    "type": "tidelift"
                }
            ],
            "time": "2021-01-07T16:49:33+00:00"
        },
        {
            "name": "twig/twig",
            "version": "v3.3.0",
            "source": {
                "type": "git",
                "url": "https://github.com/twigphp/Twig.git",
                "reference": "1f3b7e2c06cc05d42936a8ad508ff1db7975cdc5"
            },
            "dist": {
                "type": "zip",
                "url": "https://api.github.com/repos/twigphp/Twig/zipball/1f3b7e2c06cc05d42936a8ad508ff1db7975cdc5",
                "reference": "1f3b7e2c06cc05d42936a8ad508ff1db7975cdc5",
                "shasum": ""
            },
            "require": {
                "php": ">=7.2.5",
                "symfony/polyfill-ctype": "^1.8",
                "symfony/polyfill-mbstring": "^1.3"
            },
            "require-dev": {
                "psr/container": "^1.0",
                "symfony/phpunit-bridge": "^4.4.9|^5.0.9"
            },
            "type": "library",
            "extra": {
                "branch-alias": {
                    "dev-master": "3.3-dev"
                }
            },
            "autoload": {
                "psr-4": {
                    "Twig\\": "src/"
                }
            },
            "notification-url": "https://packagist.org/downloads/",
            "license": [
                "BSD-3-Clause"
            ],
            "authors": [
                {
                    "name": "Fabien Potencier",
                    "email": "fabien@symfony.com",
                    "homepage": "http://fabien.potencier.org",
                    "role": "Lead Developer"
                },
                {
                    "name": "Twig Team",
                    "role": "Contributors"
                },
                {
                    "name": "Armin Ronacher",
                    "email": "armin.ronacher@active-4.com",
                    "role": "Project Founder"
                }
            ],
            "description": "Twig, the flexible, fast, and secure template language for PHP",
            "homepage": "https://twig.symfony.com",
            "keywords": [
                "templating"
            ],
            "support": {
                "issues": "https://github.com/twigphp/Twig/issues",
                "source": "https://github.com/twigphp/Twig/tree/v3.3.0"
            },
            "funding": [
                {
                    "url": "https://github.com/fabpot",
                    "type": "github"
                },
                {
                    "url": "https://tidelift.com/funding/github/packagist/twig/twig",
                    "type": "tidelift"
                }
            ],
            "time": "2021-02-08T09:54:36+00:00"
        }
    ],
    "packages-dev": [],
    "aliases": [],
    "minimum-stability": "stable",
    "stability-flags": [],
    "prefer-stable": false,
    "prefer-lowest": false,
    "platform": [],
    "platform-dev": [],
    "plugin-api-version": "2.0.0"
}
